<?xml version="1.0" encoding="utf-8"?>
<Project ToolsVersion="4.0" xmlns="http://schemas.microsoft.com/developer/msbuild/2003">
  <ItemGroup>
    <Filter Include="Resources">
      <UniqueIdentifier>{67DA6AB6-F800-4c08-8B7A-83BB121AAD01}</UniqueIdentifier>
      <Extensions>rc;ico;cur;bmp;dlg;rc2;rct;bin;rgs;gif;jpg;jpeg;jpe;resx;tiff;tif;png;wav;mfcribbon-ms</Extensions>
    </Filter>
    <Filter Include="Main">
      <UniqueIdentifier>{1a0fc818-198a-4dc1-a312-5d6974ee8c2c}</UniqueIdentifier>
    </Filter>
    <Filter Include="StdAfx">
      <UniqueIdentifier>{23f939ad-1140-4dbb-8ed8-1f5b810af64b}</UniqueIdentifier>
    </Filter>
    <Filter Include="Main\Main">
      <UniqueIdentifier>{32a48cf6-a3ac-4c34-b389-61fca6a9bae9}</UniqueIdentifier>
    </Filter>
    <Filter Include="Main\Offset">
      <UniqueIdentifier>{bb75d42b-7128-405f-b450-50ac93467aaf}</UniqueIdentifier>
    </Filter>
    <Filter Include="Main\Crack">
      <UniqueIdentifier>{165920fc-2108-4caa-bec7-1b47a0919323}</UniqueIdentifier>
    </Filter>
    <Filter Include="Main\ToolKit">
      <UniqueIdentifier>{caed7dbf-3a84-4c52-9680-adfe6a5d7e58}</UniqueIdentifier>
    </Filter>
  </ItemGroup>
  <ItemGroup>
    <ClCompile Include="stdafx.cpp">
      <Filter>StdAfx</Filter>
    </ClCompile>
    <ClCompile Include="Main.cpp">
      <Filter>Main\Main</Filter>
    </ClCompile>
    <ClCompile Include="Crack.cpp">
      <Filter>Main\Crack</Filter>
    </ClCompile>
    <ClCompile Include="ToolKit.cpp">
      <Filter>Main\ToolKit</Filter>
    </ClCompile>
  </ItemGroup>
  <ItemGroup>
    <ClInclude Include="Resource.h">
      <Filter>Resources</Filter>
    </ClInclude>
    <ClInclude Include="stdafx.h">
      <Filter>StdAfx</Filter>
    </ClInclude>
    <ClInclude Include="targetver.h">
      <Filter>Resources</Filter>
    </ClInclude>
    <ClInclude Include="Main.h">
      <Filter>Main\Main</Filter>
    </ClInclude>
    <ClInclude Include="Offsets.h">
      <Filter>Main\Offset</Filter>
    </ClInclude>
    <ClInclude Include="Crack.h">
      <Filter>Main\Crack</Filter>
    </ClInclude>
    <ClInclude Include="ToolKit.h">
      <Filter>Main\ToolKit</Filter>
    </ClInclude>
  </ItemGroup>
  <ItemGroup>
    <None Include="res\Main.rc2">
      <Filter>Resources</Filter>
    </None>
    <None Include="Main.def">
      <Filter>Resources</Filter>
    </None>
  </ItemGroup>
  <ItemGroup>
    <ResourceCompile Include="Main.rc">
      <Filter>Resources</Filter>
    </ResourceCompile>
  </ItemGroup>
</Project>